// !$*UTF8*$!
{
	archiveVersion = 1;
	classes = {
	};
	objectVersion = 70;
	objects = {

/* Begin PBXBuildFile section */
		04B289B56A7CF00DCB1E1249 /* AlertRow.swift in Sources */ = {isa = PBXBuildFile; fileRef = 0DB4E91D02D599DD1D40D952 /* AlertRow.swift */; };
		09218B2634404709C960AFBA /* APIClient.swift in Sources */ = {isa = PBXBuildFile; fileRef = 442D4323A9B7C8B7A02A5B08 /* APIClient.swift */; };
		0EDEF3790D6B1C22EF3699E4 /* AppDelegate.swift in Sources */ = {isa = PBXBuildFile; fileRef = E4646B48A09BA542FF6ABECD /* AppDelegate.swift */; };
		13E8D50DB0D86D78A2BF31DB /* Assets.xcassets in Resources */ = {isa = PBXBuildFile; fileRef = F7849605786039354D6A6590 /* Assets.xcassets */; };
		1C42056D6B73DB2475D007F4 /* APITypes.swift in Sources */ = {isa = PBXBuildFile; fileRef = C90AC0DDC55DFC58EF4590D7 /* APITypes.swift */; };
		1FB7DA9DCC9A41F35A486136 /* HomeView.swift in Sources */ = {isa = PBXBuildFile; fileRef = 653637C037B012795FE84600 /* HomeView.swift */; };
		22A2FE8937BA167E5605A9F5 /* LatestAlertCard.swift in Sources */ = {isa = PBXBuildFile; fileRef = 152DF48318E7846A33D574CF /* LatestAlertCard.swift */; };
		29D2E464A1B6080B18FBEF78 /* NewOrderSheet.swift in Sources */ = {isa = PBXBuildFile; fileRef = DF3BCDD96C1FD50ACC3B3C1F /* NewOrderSheet.swift */; };
		2BB79204F7F83445708B92C4 /* AppState.swift in Sources */ = {isa = PBXBuildFile; fileRef = 7FBB6040DB0E53FB9C4060D1 /* AppState.swift */; };
		2DBDD476BC339FFB12CEC0BF /* EditDevicePrefView.swift in Sources */ = {isa = PBXBuildFile; fileRef = A3F609F3E2355B212C12F18B /* EditDevicePrefView.swift */; };
		375D6E54819C76EB85DF2E97 /* AlertsView.swift in Sources */ = {isa = PBXBuildFile; fileRef = F12F4A22AA39A55870A72C7B /* AlertsView.swift */; };
		3847E72F3248A41EA8DCD9F2 /* MainTabView.swift in Sources */ = {isa = PBXBuildFile; fileRef = 5A50EF856475775A1EEA07E0 /* MainTabView.swift */; };
		398C326321946F6554E4F5C3 /* Protocols.swift in Sources */ = {isa = PBXBuildFile; fileRef = D203FD7280A91512EE623EE1 /* Protocols.swift */; };
		3A812C6207ED5A34EA4890E4 /* NavigationCoordinator.swift in Sources */ = {isa = PBXBuildFile; fileRef = 7DC7293CDEE72AC8C8C5341C /* NavigationCoordinator.swift */; };
		3B5F692F8C98407F76E6F09E /* TypeBridge.swift in Sources */ = {isa = PBXBuildFile; fileRef = C69A0BFD6B16B0BD652D904F /* TypeBridge.swift */; };
		3B9060A9B55885A03C1316D0 /* SnapperApp.swift in Sources */ = {isa = PBXBuildFile; fileRef = FB34EE347C68EC93D009F7F4 /* SnapperApp.swift */; };
		4903E053BC2B9E8FC22EC62A /* WebSocketManager.swift in Sources */ = {isa = PBXBuildFile; fileRef = 1499AF1C8B116093A1A9426D /* WebSocketManager.swift */; };
		56F3E6E370F0017D26D4DE52 /* OrdersView.swift in Sources */ = {isa = PBXBuildFile; fileRef = F6535894EE04ECF4410862D9 /* OrdersView.swift */; };
		7092C34F5D824310323A01BC /* AttachTrailingStopSheet.swift in Sources */ = {isa = PBXBuildFile; fileRef = B9E103AD848B68CF86D867CC /* AttachTrailingStopSheet.swift */; };
		744C6DC56C03FBBCF9651D96 /* DeviceRegistrationService.swift in Sources */ = {isa = PBXBuildFile; fileRef = B312129A11E7B3A9371A79C5 /* DeviceRegistrationService.swift */; };
		75F5DEB5B2F4FAEBB9389578 /* AttachBracketSheet.swift in Sources */ = {isa = PBXBuildFile; fileRef = 0959D7C3C41B87BE52156829 /* AttachBracketSheet.swift */; };
		7A8AC6E7C86070E41475CF8F /* Environment.swift in Sources */ = {isa = PBXBuildFile; fileRef = 10C33334091D91D43D43B1C3 /* Environment.swift */; };
		7AD9A1C58498FCB2B7883463 /* Configuration.plist in Resources */ = {isa = PBXBuildFile; fileRef = 3AFFCD485E4541E995FC91CB /* Configuration.plist */; };
		7FC94DE9822D377C7FE520DF /* NotificationPrefsView.swift in Sources */ = {isa = PBXBuildFile; fileRef = E2862D7D7B1A4BC6B1BAE0FD /* NotificationPrefsView.swift */; };
		8DB5E916777E3B48A477E414 /* AuthService.swift in Sources */ = {isa = PBXBuildFile; fileRef = C866C094E8868C0EF03F6809 /* AuthService.swift */; };
		9A375BEDC217E05D46F4F4E7 /* NotificationService.swift in Sources */ = {isa = PBXBuildFile; fileRef = 7A987AAE53C2CBDE34AE70BD /* NotificationService.swift */; };
		A35D23705FCF8BC6B9E3E64C /* Permissions.swift in Sources */ = {isa = PBXBuildFile; fileRef = 039FE3D502C2D2EB294EB4AA /* Permissions.swift */; };
		A39C851ACE12BC9628340437 /* PositionsView.swift in Sources */ = {isa = PBXBuildFile; fileRef = 77B5AF96CD39F790EE5DFFE3 /* PositionsView.swift */; };
		B0B776140121A53C950E09F7 /* AnyCodable.swift in Sources */ = {isa = PBXBuildFile; fileRef = 34DDD4FA9EE84A8FF431E110 /* AnyCodable.swift */; };
		BBB8164DA1ACDEF80598BF46 /* PrivacyInfo.xcprivacy in Resources */ = {isa = PBXBuildFile; fileRef = 6B649B56E9F5DB1981C9D47E /* PrivacyInfo.xcprivacy */; };
		D339ECEBC32C9FE4E3040546 /* SettingsView.swift in Sources */ = {isa = PBXBuildFile; fileRef = E6605FA90A650CA70270A857 /* SettingsView.swift */; };
		D4D538F756906829CC4ECC61 /* LoginView.swift in Sources */ = {isa = PBXBuildFile; fileRef = A9948BCE1220922C26E1E5D5 /* LoginView.swift */; };
		D515E87788756C2AD2AE4B53 /* EnvelopeMinter.swift in Sources */ = {isa = PBXBuildFile; fileRef = CE27C35122A039D4B00DFFAC /* EnvelopeMinter.swift */; };
		D5A6C18290A3F9154ED7E741 /* LoginViewModel.swift in Sources */ = {isa = PBXBuildFile; fileRef = 6798D055E36E2A96D2575882 /* LoginViewModel.swift */; };
		E00A59F35D84C52F5B093C9A /* WSMessages.swift in Sources */ = {isa = PBXBuildFile; fileRef = 1FC42AFF6C9070E52403CC6A /* WSMessages.swift */; };
		E26F0CF3DFE246A9C9E7F1CA /* WSState.swift in Sources */ = {isa = PBXBuildFile; fileRef = 9A0B22DD35B1534E9A1AFFA3 /* WSState.swift */; };
		EB31161C189C4BD72F9952D8 /* WalletPicker.swift in Sources */ = {isa = PBXBuildFile; fileRef = D839E5FB00056E88B45C4D34 /* WalletPicker.swift */; };
		FC31D3C744C65776E28C570D /* Theme.swift in Sources */ = {isa = PBXBuildFile; fileRef = 4A453B3AED6CC7374A032D39 /* Theme.swift */; };
/* End PBXBuildFile section */

/* Begin PBXContainerItemProxy section */
		087BF7A615718E5178C80351 /* PBXContainerItemProxy */ = {
			isa = PBXContainerItemProxy;
			containerPortal = 9C21FDC6B12C83893AF3E756 /* Project object */;
			proxyType = 1;
			remoteGlobalIDString = 770B5204EBE266D5DD99B366;
			remoteInfo = Snapper;
		};
/* End PBXContainerItemProxy section */

/* Begin PBXFileReference section */
		039FE3D502C2D2EB294EB4AA /* Permissions.swift */ = {isa = PBXFileReference; lastKnownFileType = sourcecode.swift; path = Permissions.swift; sourceTree = "<group>"; };
		0959D7C3C41B87BE52156829 /* AttachBracketSheet.swift */ = {isa = PBXFileReference; lastKnownFileType = sourcecode.swift; path = AttachBracketSheet.swift; sourceTree = "<group>"; };
		0DB4E91D02D599DD1D40D952 /* AlertRow.swift */ = {isa = PBXFileReference; lastKnownFileType = sourcecode.swift; path = AlertRow.swift; sourceTree = "<group>"; };
		10C33334091D91D43D43B1C3 /* Environment.swift */ = {isa = PBXFileReference; lastKnownFileType = sourcecode.swift; path = Environment.swift; sourceTree = "<group>"; };
		1499AF1C8B116093A1A9426D /* WebSocketManager.swift */ = {isa = PBXFileReference; lastKnownFileType = sourcecode.swift; path = WebSocketManager.swift; sourceTree = "<group>"; };
		152DF48318E7846A33D574CF /* LatestAlertCard.swift */ = {isa = PBXFileReference; lastKnownFileType = sourcecode.swift; path = LatestAlertCard.swift; sourceTree = "<group>"; };
		1FC42AFF6C9070E52403CC6A /* WSMessages.swift */ = {isa = PBXFileReference; lastKnownFileType = sourcecode.swift; path = WSMessages.swift; sourceTree = "<group>"; };
		34DDD4FA9EE84A8FF431E110 /* AnyCodable.swift */ = {isa = PBXFileReference; lastKnownFileType = sourcecode.swift; path = AnyCodable.swift; sourceTree = "<group>"; };
		3AFFCD485E4541E995FC91CB /* Configuration.plist */ = {isa = PBXFileReference; lastKnownFileType = text.plist; path = Configuration.plist; sourceTree = "<group>"; };
		40BE9EE10BEF49D1DCA0F3C5 /* Snapper.app */ = {isa = PBXFileReference; explicitFileType = wrapper.application; includeInIndex = 0; path = Snapper.app; sourceTree = BUILT_PRODUCTS_DIR; };
		442D4323A9B7C8B7A02A5B08 /* APIClient.swift */ = {isa = PBXFileReference; lastKnownFileType = sourcecode.swift; path = APIClient.swift; sourceTree = "<group>"; };
		4A453B3AED6CC7374A032D39 /* Theme.swift */ = {isa = PBXFileReference; lastKnownFileType = sourcecode.swift; path = Theme.swift; sourceTree = "<group>"; };
		578078843FA532A83EBA1C53 /* Info.plist */ = {isa = PBXFileReference; lastKnownFileType = text.plist; path = Info.plist; sourceTree = "<group>"; };
		5A50EF856475775A1EEA07E0 /* MainTabView.swift */ = {isa = PBXFileReference; lastKnownFileType = sourcecode.swift; path = MainTabView.swift; sourceTree = "<group>"; };
		653637C037B012795FE84600 /* HomeView.swift */ = {isa = PBXFileReference; lastKnownFileType = sourcecode.swift; path = HomeView.swift; sourceTree = "<group>"; };
		6798D055E36E2A96D2575882 /* LoginViewModel.swift */ = {isa = PBXFileReference; lastKnownFileType = sourcecode.swift; path = LoginViewModel.swift; sourceTree = "<group>"; };
		6B649B56E9F5DB1981C9D47E /* PrivacyInfo.xcprivacy */ = {isa = PBXFileReference; path = PrivacyInfo.xcprivacy; sourceTree = "<group>"; };
		77B5AF96CD39F790EE5DFFE3 /* PositionsView.swift */ = {isa = PBXFileReference; lastKnownFileType = sourcecode.swift; path = PositionsView.swift; sourceTree = "<group>"; };
		7A987AAE53C2CBDE34AE70BD /* NotificationService.swift */ = {isa = PBXFileReference; lastKnownFileType = sourcecode.swift; path = NotificationService.swift; sourceTree = "<group>"; };
		7DC7293CDEE72AC8C8C5341C /* NavigationCoordinator.swift */ = {isa = PBXFileReference; lastKnownFileType = sourcecode.swift; path = NavigationCoordinator.swift; sourceTree = "<group>"; };
		7FBB6040DB0E53FB9C4060D1 /* AppState.swift */ = {isa = PBXFileReference; lastKnownFileType = sourcecode.swift; path = AppState.swift; sourceTree = "<group>"; };
		9A0B22DD35B1534E9A1AFFA3 /* WSState.swift */ = {isa = PBXFileReference; lastKnownFileType = sourcecode.swift; path = WSState.swift; sourceTree = "<group>"; };
		A3F609F3E2355B212C12F18B /* EditDevicePrefView.swift */ = {isa = PBXFileReference; lastKnownFileType = sourcecode.swift; path = EditDevicePrefView.swift; sourceTree = "<group>"; };
		A9948BCE1220922C26E1E5D5 /* LoginView.swift */ = {isa = PBXFileReference; lastKnownFileType = sourcecode.swift; path = LoginView.swift; sourceTree = "<group>"; };
		AA3A1CC61B90950DA6A44D16 /* Snapper.Debug.entitlements */ = {isa = PBXFileReference; lastKnownFileType = text.plist.entitlements; path = Snapper.Debug.entitlements; sourceTree = "<group>"; };
		B312129A11E7B3A9371A79C5 /* DeviceRegistrationService.swift */ = {isa = PBXFileReference; lastKnownFileType = sourcecode.swift; path = DeviceRegistrationService.swift; sourceTree = "<group>"; };
		B9E103AD848B68CF86D867CC /* AttachTrailingStopSheet.swift */ = {isa = PBXFileReference; lastKnownFileType = sourcecode.swift; path = AttachTrailingStopSheet.swift; sourceTree = "<group>"; };
		C69A0BFD6B16B0BD652D904F /* TypeBridge.swift */ = {isa = PBXFileReference; lastKnownFileType = sourcecode.swift; path = TypeBridge.swift; sourceTree = "<group>"; };
		C866C094E8868C0EF03F6809 /* AuthService.swift */ = {isa = PBXFileReference; lastKnownFileType = sourcecode.swift; path = AuthService.swift; sourceTree = "<group>"; };
		C90AC0DDC55DFC58EF4590D7 /* APITypes.swift */ = {isa = PBXFileReference; lastKnownFileType = sourcecode.swift; path = APITypes.swift; sourceTree = "<group>"; };
		CB3EEEA02ED3924700201EC3 /* SnapperTests.xctest */ = {isa = PBXFileReference; explicitFileType = wrapper.cfbundle; includeInIndex = 0; path = SnapperTests.xctest; sourceTree = BUILT_PRODUCTS_DIR; };
		CE27C35122A039D4B00DFFAC /* EnvelopeMinter.swift */ = {isa = PBXFileReference; lastKnownFileType = sourcecode.swift; path = EnvelopeMinter.swift; sourceTree = "<group>"; };
		D203FD7280A91512EE623EE1 /* Protocols.swift */ = {isa = PBXFileReference; lastKnownFileType = sourcecode.swift; path = Protocols.swift; sourceTree = "<group>"; };
		D839E5FB00056E88B45C4D34 /* WalletPicker.swift */ = {isa = PBXFileReference; lastKnownFileType = sourcecode.swift; path = WalletPicker.swift; sourceTree = "<group>"; };
		DF3BCDD96C1FD50ACC3B3C1F /* NewOrderSheet.swift */ = {isa = PBXFileReference; lastKnownFileType = sourcecode.swift; path = NewOrderSheet.swift; sourceTree = "<group>"; };
		E2862D7D7B1A4BC6B1BAE0FD /* NotificationPrefsView.swift */ = {isa = PBXFileReference; lastKnownFileType = sourcecode.swift; path = NotificationPrefsView.swift; sourceTree = "<group>"; };
		E4646B48A09BA542FF6ABECD /* AppDelegate.swift */ = {isa = PBXFileReference; lastKnownFileType = sourcecode.swift; path = AppDelegate.swift; sourceTree = "<group>"; };
		E6605FA90A650CA70270A857 /* SettingsView.swift */ = {isa = PBXFileReference; lastKnownFileType = sourcecode.swift; path = SettingsView.swift; sourceTree = "<group>"; };
		F12F4A22AA39A55870A72C7B /* AlertsView.swift */ = {isa = PBXFileReference; lastKnownFileType = sourcecode.swift; path = AlertsView.swift; sourceTree = "<group>"; };
		F6535894EE04ECF4410862D9 /* OrdersView.swift */ = {isa = PBXFileReference; lastKnownFileType = sourcecode.swift; path = OrdersView.swift; sourceTree = "<group>"; };
		F7849605786039354D6A6590 /* Assets.xcassets */ = {isa = PBXFileReference; lastKnownFileType = folder.assetcatalog; path = Assets.xcassets; sourceTree = "<group>"; };
		FB34EE347C68EC93D009F7F4 /* SnapperApp.swift */ = {isa = PBXFileReference; lastKnownFileType = sourcecode.swift; path = SnapperApp.swift; sourceTree = "<group>"; };
		FFDC45C942B7417CFE70011C /* Snapper.Release.entitlements */ = {isa = PBXFileReference; lastKnownFileType = text.plist.entitlements; path = Snapper.Release.entitlements; sourceTree = "<group>"; };
/* End PBXFileReference section */

/* Begin PBXFileSystemSynchronizedRootGroup section */
		9206EDF09F2CDB645A09870C /* SnapperTests */ = {isa = PBXFileSystemSynchronizedRootGroup; explicitFileTypes = {}; explicitFolders = (); path = SnapperTests; sourceTree = "<group>"; };
/* End PBXFileSystemSynchronizedRootGroup section */

/* Begin PBXFrameworksBuildPhase section */
		B760070C4F61AD655EFAB579 /* Frameworks */ = {
			isa = PBXFrameworksBuildPhase;
			buildActionMask = 2147483647;
			files = (
			);
			runOnlyForDeploymentPostprocessing = 0;
		};
/* End PBXFrameworksBuildPhase section */

/* Begin PBXGroup section */
		2F3059558ED94F48FA60BC05 /* Generated */ = {
			isa = PBXGroup;
			children = (
				34DDD4FA9EE84A8FF431E110 /* AnyCodable.swift */,
				C90AC0DDC55DFC58EF4590D7 /* APITypes.swift */,
				039FE3D502C2D2EB294EB4AA /* Permissions.swift */,
				1FC42AFF6C9070E52403CC6A /* WSMessages.swift */,
			);
			path = Generated;
			sourceTree = "<group>";
		};
		39B66CEE8EC32FBF47CADDFD /* Products */ = {
			isa = PBXGroup;
			children = (
				40BE9EE10BEF49D1DCA0F3C5 /* Snapper.app */,
				9206EDF09F2CDB645A09870C /* SnapperTests */,
				CB3EEEA02ED3924700201EC3 /* SnapperTests.xctest */,
			);
			name = Products;
			sourceTree = "<group>";
		};
		3F20279E89A2B73139615F3D /* Services */ = {
			isa = PBXGroup;
			children = (
				442D4323A9B7C8B7A02A5B08 /* APIClient.swift */,
				E4646B48A09BA542FF6ABECD /* AppDelegate.swift */,
				C866C094E8868C0EF03F6809 /* AuthService.swift */,
				B312129A11E7B3A9371A79C5 /* DeviceRegistrationService.swift */,
				CE27C35122A039D4B00DFFAC /* EnvelopeMinter.swift */,
				7DC7293CDEE72AC8C8C5341C /* NavigationCoordinator.swift */,
				7A987AAE53C2CBDE34AE70BD /* NotificationService.swift */,
				D203FD7280A91512EE623EE1 /* Protocols.swift */,
				1499AF1C8B116093A1A9426D /* WebSocketManager.swift */,
				9A0B22DD35B1534E9A1AFFA3 /* WSState.swift */,
			);
			path = Services;
			sourceTree = "<group>";
		};
		49E4BA1E253F4C4218E1A64E /* ViewModels */ = {
			isa = PBXGroup;
			children = (
				6798D055E36E2A96D2575882 /* LoginViewModel.swift */,
			);
			path = ViewModels;
			sourceTree = "<group>";
		};
		5AF90A18310B1DC6CC4939E4 /* Views */ = {
			isa = PBXGroup;
			children = (
				F12F4A22AA39A55870A72C7B /* AlertsView.swift */,
				0959D7C3C41B87BE52156829 /* AttachBracketSheet.swift */,
				B9E103AD848B68CF86D867CC /* AttachTrailingStopSheet.swift */,
				A3F609F3E2355B212C12F18B /* EditDevicePrefView.swift */,
				653637C037B012795FE84600 /* HomeView.swift */,
				A9948BCE1220922C26E1E5D5 /* LoginView.swift */,
				5A50EF856475775A1EEA07E0 /* MainTabView.swift */,
				DF3BCDD96C1FD50ACC3B3C1F /* NewOrderSheet.swift */,
				E2862D7D7B1A4BC6B1BAE0FD /* NotificationPrefsView.swift */,
				F6535894EE04ECF4410862D9 /* OrdersView.swift */,
				77B5AF96CD39F790EE5DFFE3 /* PositionsView.swift */,
				E6605FA90A650CA70270A857 /* SettingsView.swift */,
				BEE4C7FE45A0551944CE9006 /* Components */,
			);
			path = Views;
			sourceTree = "<group>";
		};
		61A2140930BAAD98423AB5D0 /* Models */ = {
			isa = PBXGroup;
			children = (
				7FBB6040DB0E53FB9C4060D1 /* AppState.swift */,
				C69A0BFD6B16B0BD652D904F /* TypeBridge.swift */,
				2F3059558ED94F48FA60BC05 /* Generated */,
			);
			path = Models;
			sourceTree = "<group>";
		};
		7DCDB04B0AE0FAE0B341EC3B /* Config */ = {
			isa = PBXGroup;
			children = (
				3AFFCD485E4541E995FC91CB /* Configuration.plist */,
				10C33334091D91D43D43B1C3 /* Environment.swift */,
			);
			path = Config;
			sourceTree = "<group>";
		};
		AAA7E2168F538A29330F95E5 = {
			isa = PBXGroup;
			children = (
				CBD86CFF38B0F7B91294A78D /* Snapper */,
				39B66CEE8EC32FBF47CADDFD /* Products */,
			);
			sourceTree = "<group>";
		};
		BEE4C7FE45A0551944CE9006 /* Components */ = {
			isa = PBXGroup;
			children = (
				0DB4E91D02D599DD1D40D952 /* AlertRow.swift */,
				152DF48318E7846A33D574CF /* LatestAlertCard.swift */,
				D839E5FB00056E88B45C4D34 /* WalletPicker.swift */,
			);
			path = Components;
			sourceTree = "<group>";
		};
		CBD86CFF38B0F7B91294A78D /* Snapper */ = {
			isa = PBXGroup;
			children = (
				F7849605786039354D6A6590 /* Assets.xcassets */,
				578078843FA532A83EBA1C53 /* Info.plist */,
				6B649B56E9F5DB1981C9D47E /* PrivacyInfo.xcprivacy */,
				AA3A1CC61B90950DA6A44D16 /* Snapper.Debug.entitlements */,
				FFDC45C942B7417CFE70011C /* Snapper.Release.entitlements */,
				FB34EE347C68EC93D009F7F4 /* SnapperApp.swift */,
				4A453B3AED6CC7374A032D39 /* Theme.swift */,
				7DCDB04B0AE0FAE0B341EC3B /* Config */,
				61A2140930BAAD98423AB5D0 /* Models */,
				3F20279E89A2B73139615F3D /* Services */,
				49E4BA1E253F4C4218E1A64E /* ViewModels */,
				5AF90A18310B1DC6CC4939E4 /* Views */,
			);
			path = Snapper;
			sourceTree = "<group>";
		};
/* End PBXGroup section */

/* Begin PBXNativeTarget section */
		770B5204EBE266D5DD99B366 /* Snapper */ = {
			isa = PBXNativeTarget;
			buildConfigurationList = EBA07DE2013CE259BD7200DE /* Build configuration list for PBXNativeTarget "Snapper" */;
			buildPhases = (
				EAE0B8C32F1B4EF867727C4E /* Sources */,
				B141161EEC8351F0BA1F1094 /* Resources */,
			);
			buildRules = (
			);
			dependencies = (
			);
			name = Snapper;
			packageProductDependencies = (
			);
			productName = Snapper;
			productReference = 40BE9EE10BEF49D1DCA0F3C5 /* Snapper.app */;
			productType = "com.apple.product-type.application";
		};
		BA27489833F50CB3926D5BA4 /* SnapperTests */ = {
			isa = PBXNativeTarget;
			buildConfigurationList = BB90EA452F52163343C4E98A /* Build configuration list for PBXNativeTarget "SnapperTests" */;
			buildPhases = (
				C2A737232074BB32F44BEA6E /* Sources */,
				B760070C4F61AD655EFAB579 /* Frameworks */,
				B80C7DC65837D75E47976626 /* Resources */,
			);
			buildRules = (
			);
			dependencies = (
				54715C6ED473081B4DBF5AD7 /* PBXTargetDependency */,
			);
			fileSystemSynchronizedGroups = (
				9206EDF09F2CDB645A09870C /* SnapperTests */,
			);
			name = SnapperTests;
			productName = SnapperTests;
			productReference = CB3EEEA02ED3924700201EC3 /* SnapperTests.xctest */;
			productType = "com.apple.product-type.bundle.unit-test";
		};
/* End PBXNativeTarget section */

/* Begin PBXProject section */
		9C21FDC6B12C83893AF3E756 /* Project object */ = {
			isa = PBXProject;
			attributes = {
				BuildIndependentTargetsInParallel = YES;
				LastUpgradeCheck = 2620;
				TargetAttributes = {
					770B5204EBE266D5DD99B366 = {
						ProvisioningStyle = Automatic;
					};
				};
			};
			buildConfigurationList = C2CB0B358D0349B72E0074FC /* Build configuration list for PBXProject "Snapper" */;
			developmentRegion = en;
			hasScannedForEncodings = 0;
			knownRegions = (
				Base,
				en,
			);
			mainGroup = AAA7E2168F538A29330F95E5;
			minimizedProjectReferenceProxies = 1;

			productRefGroup = 39B66CEE8EC32FBF47CADDFD /* Products */;
			projectDirPath = "";
			projectRoot = "";
			targets = (
				770B5204EBE266D5DD99B366 /* Snapper */,
				BA27489833F50CB3926D5BA4 /* SnapperTests */,
			);
		};
/* End PBXProject section */

/* Begin PBXResourcesBuildPhase section */
		B141161EEC8351F0BA1F1094 /* Resources */ = {
			isa = PBXResourcesBuildPhase;
			buildActionMask = 2147483647;
			files = (
				13E8D50DB0D86D78A2BF31DB /* Assets.xcassets in Resources */,
				7AD9A1C58498FCB2B7883463 /* Configuration.plist in Resources */,
				BBB8164DA1ACDEF80598BF46 /* PrivacyInfo.xcprivacy in Resources */,
			);
			runOnlyForDeploymentPostprocessing = 0;
		};
		B80C7DC65837D75E47976626 /* Resources */ = {
			isa = PBXResourcesBuildPhase;
			buildActionMask = 2147483647;
			files = (
			);
			runOnlyForDeploymentPostprocessing = 0;
		};
/* End PBXResourcesBuildPhase section */

/* Begin PBXSourcesBuildPhase section */
		C2A737232074BB32F44BEA6E /* Sources */ = {
			isa = PBXSourcesBuildPhase;
			buildActionMask = 2147483647;
			files = (
			);
			runOnlyForDeploymentPostprocessing = 0;
		};
		EAE0B8C32F1B4EF867727C4E /* Sources */ = {
			isa = PBXSourcesBuildPhase;
			buildActionMask = 2147483647;
			files = (
				09218B2634404709C960AFBA /* APIClient.swift in Sources */,
				1C42056D6B73DB2475D007F4 /* APITypes.swift in Sources */,
				04B289B56A7CF00DCB1E1249 /* AlertRow.swift in Sources */,
				375D6E54819C76EB85DF2E97 /* AlertsView.swift in Sources */,
				B0B776140121A53C950E09F7 /* AnyCodable.swift in Sources */,
				0EDEF3790D6B1C22EF3699E4 /* AppDelegate.swift in Sources */,
				2BB79204F7F83445708B92C4 /* AppState.swift in Sources */,
				75F5DEB5B2F4FAEBB9389578 /* AttachBracketSheet.swift in Sources */,
				7092C34F5D824310323A01BC /* AttachTrailingStopSheet.swift in Sources */,
				8DB5E916777E3B48A477E414 /* AuthService.swift in Sources */,
				744C6DC56C03FBBCF9651D96 /* DeviceRegistrationService.swift in Sources */,
				2DBDD476BC339FFB12CEC0BF /* EditDevicePrefView.swift in Sources */,
				D515E87788756C2AD2AE4B53 /* EnvelopeMinter.swift in Sources */,
				7A8AC6E7C86070E41475CF8F /* Environment.swift in Sources */,
				1FB7DA9DCC9A41F35A486136 /* HomeView.swift in Sources */,
				22A2FE8937BA167E5605A9F5 /* LatestAlertCard.swift in Sources */,
				D4D538F756906829CC4ECC61 /* LoginView.swift in Sources */,
				D5A6C18290A3F9154ED7E741 /* LoginViewModel.swift in Sources */,
				3847E72F3248A41EA8DCD9F2 /* MainTabView.swift in Sources */,
				3A812C6207ED5A34EA4890E4 /* NavigationCoordinator.swift in Sources */,
				29D2E464A1B6080B18FBEF78 /* NewOrderSheet.swift in Sources */,
				7FC94DE9822D377C7FE520DF /* NotificationPrefsView.swift in Sources */,
				9A375BEDC217E05D46F4F4E7 /* NotificationService.swift in Sources */,
				56F3E6E370F0017D26D4DE52 /* OrdersView.swift in Sources */,
				A35D23705FCF8BC6B9E3E64C /* Permissions.swift in Sources */,
				A39C851ACE12BC9628340437 /* PositionsView.swift in Sources */,
				398C326321946F6554E4F5C3 /* Protocols.swift in Sources */,
				D339ECEBC32C9FE4E3040546 /* SettingsView.swift in Sources */,
				3B9060A9B55885A03C1316D0 /* SnapperApp.swift in Sources */,
				FC31D3C744C65776E28C570D /* Theme.swift in Sources */,
				3B5F692F8C98407F76E6F09E /* TypeBridge.swift in Sources */,
				E00A59F35D84C52F5B093C9A /* WSMessages.swift in Sources */,
				E26F0CF3DFE246A9C9E7F1CA /* WSState.swift in Sources */,
				EB31161C189C4BD72F9952D8 /* WalletPicker.swift in Sources */,
				4903E053BC2B9E8FC22EC62A /* WebSocketManager.swift in Sources */,
			);
			runOnlyForDeploymentPostprocessing = 0;
		};
/* End PBXSourcesBuildPhase section */

/* Begin PBXTargetDependency section */
		54715C6ED473081B4DBF5AD7 /* PBXTargetDependency */ = {
			isa = PBXTargetDependency;
			target = 770B5204EBE266D5DD99B366 /* Snapper */;
			targetProxy = 087BF7A615718E5178C80351 /* PBXContainerItemProxy */;
		};
/* End PBXTargetDependency section */

/* Begin XCBuildConfiguration section */
		002E01F0D8D9D3FC0FE25882 /* Debug */ = {
			isa = XCBuildConfiguration;
			buildSettings = {
				BUNDLE_LOADER = "$(TEST_HOST)";
				CODE_SIGN_STYLE = Automatic;
				GENERATE_INFOPLIST_FILE = YES;
				IPHONEOS_DEPLOYMENT_TARGET = 26.4;
				PRODUCT_BUNDLE_IDENTIFIER = ie.klatt.snapper.tests;
				PRODUCT_NAME = "$(TARGET_NAME)";
				TEST_HOST = "$(BUILT_PRODUCTS_DIR)/Snapper.app/$(BUNDLE_EXECUTABLE_FOLDER_PATH)/Snapper";
			};
			name = Debug;
		};
		0C8943C82B171B3A0D6565AE /* Debug */ = {
			isa = XCBuildConfiguration;
			buildSettings = {
				ALWAYS_SEARCH_USER_PATHS = NO;
				ASSETCATALOG_COMPILER_GENERATE_SWIFT_ASSET_SYMBOL_EXTENSIONS = YES;
				CLANG_ANALYZER_NONNULL = YES;
				CLANG_ANALYZER_NUMBER_OBJECT_CONVERSION = YES_AGGRESSIVE;
				CLANG_CXX_LANGUAGE_STANDARD = "gnu++14";
				CLANG_CXX_LIBRARY = "libc++";
				CLANG_ENABLE_MODULES = YES;
				CLANG_ENABLE_OBJC_ARC = YES;
				CLANG_ENABLE_OBJC_WEAK = YES;
				CLANG_WARN_BLOCK_CAPTURE_AUTORELEASING = YES;
				CLANG_WARN_BOOL_CONVERSION = YES;
				CLANG_WARN_COMMA = YES;
				CLANG_WARN_CONSTANT_CONVERSION = YES;
				CLANG_WARN_DEPRECATED_OBJC_IMPLEMENTATIONS = YES;
				CLANG_WARN_DIRECT_OBJC_ISA_USAGE = YES_ERROR;
				CLANG_WARN_DOCUMENTATION_COMMENTS = YES;
				CLANG_WARN_EMPTY_BODY = YES;
				CLANG_WARN_ENUM_CONVERSION = YES;
				CLANG_WARN_INFINITE_RECURSION = YES;
				CLANG_WARN_INT_CONVERSION = YES;
				CLANG_WARN_NON_LITERAL_NULL_CONVERSION = YES;
				CLANG_WARN_OBJC_IMPLICIT_RETAIN_SELF = YES;
				CLANG_WARN_OBJC_LITERAL_CONVERSION = YES;
				CLANG_WARN_OBJC_ROOT_CLASS = YES_ERROR;
				CLANG_WARN_QUOTED_INCLUDE_IN_FRAMEWORK_HEADER = YES;
				CLANG_WARN_RANGE_LOOP_ANALYSIS = YES;
				CLANG_WARN_STRICT_PROTOTYPES = YES;
				CLANG_WARN_SUSPICIOUS_MOVE = YES;
				CLANG_WARN_UNGUARDED_AVAILABILITY = YES_AGGRESSIVE;
				CLANG_WARN_UNREACHABLE_CODE = YES;
				CLANG_WARN__DUPLICATE_METHOD_MATCH = YES;
				COPY_PHASE_STRIP = NO;
				CURRENT_PROJECT_VERSION = 9;
				DEBUG_INFORMATION_FORMAT = dwarf;
				DEVELOPMENT_TEAM = 26MP7QQP95;
				ENABLE_STRICT_OBJC_MSGSEND = YES;
				ENABLE_TESTABILITY = YES;
				ENABLE_USER_SCRIPT_SANDBOXING = YES;
				GCC_C_LANGUAGE_STANDARD = gnu11;
				GCC_DYNAMIC_NO_PIC = NO;
				GCC_NO_COMMON_BLOCKS = YES;
				GCC_OPTIMIZATION_LEVEL = 0;
				GCC_PREPROCESSOR_DEFINITIONS = (
					"$(inherited)",
					"DEBUG=1",
				);
				GCC_WARN_64_TO_32_BIT_CONVERSION = YES;
				GCC_WARN_ABOUT_RETURN_TYPE = YES_ERROR;
				GCC_WARN_UNDECLARED_SELECTOR = YES;
				GCC_WARN_UNINITIALIZED_AUTOS = YES_AGGRESSIVE;
				GCC_WARN_UNUSED_FUNCTION = YES;
				GCC_WARN_UNUSED_VARIABLE = YES;
				IPHONEOS_DEPLOYMENT_TARGET = 26.2;
				MARKETING_VERSION = 1.0;
				MTL_ENABLE_DEBUG_INFO = INCLUDE_SOURCE;
				MTL_FAST_MATH = YES;
				ONLY_ACTIVE_ARCH = YES;
				PRODUCT_NAME = Snapper;
				SDKROOT = iphoneos;
				STRING_CATALOG_GENERATE_SYMBOLS = YES;
				SWIFT_ACTIVE_COMPILATION_CONDITIONS = DEBUG;
				SWIFT_OPTIMIZATION_LEVEL = "-Onone";
				SWIFT_VERSION = 6.0;
			};
			name = Debug;
		};
		33E5A729BF86CC95BF6780DC /* Debug */ = {
			isa = XCBuildConfiguration;
			buildSettings = {
				ASSETCATALOG_COMPILER_APPICON_NAME = AppIcon;
				CODE_SIGN_ENTITLEMENTS = Snapper/Snapper.Debug.entitlements;
				CODE_SIGN_IDENTITY = "iPhone Developer";
				CODE_SIGN_STYLE = Automatic;
				DEFINES_MODULE = YES;
				ENABLE_MODULE_VERIFIER = YES;
				INFOPLIST_FILE = Snapper/Info.plist;
				INFOPLIST_KEY_LSApplicationCategoryType = "public.app-category.finance";
				LD_RUNPATH_SEARCH_PATHS = (
					"$(inherited)",
					"@executable_path/Frameworks",
				);
				MODULE_VERIFIER_SUPPORTED_LANGUAGE_STANDARDS = "gnu11 gnu++14";
				PRODUCT_BUNDLE_IDENTIFIER = ie.klatt.snapper;
				SDKROOT = iphoneos;
				TARGETED_DEVICE_FAMILY = 1;
			};
			name = Debug;
		};
		48A3DB5FBA866FC72C5A3C73 /* Release */ = {
			isa = XCBuildConfiguration;
			buildSettings = {
				ALWAYS_SEARCH_USER_PATHS = NO;
				ASSETCATALOG_COMPILER_GENERATE_SWIFT_ASSET_SYMBOL_EXTENSIONS = YES;
				CLANG_ANALYZER_NONNULL = YES;
				CLANG_ANALYZER_NUMBER_OBJECT_CONVERSION = YES_AGGRESSIVE;
				CLANG_CXX_LANGUAGE_STANDARD = "gnu++14";
				CLANG_CXX_LIBRARY = "libc++";
				CLANG_ENABLE_MODULES = YES;
				CLANG_ENABLE_OBJC_ARC = YES;
				CLANG_ENABLE_OBJC_WEAK = YES;
				CLANG_WARN_BLOCK_CAPTURE_AUTORELEASING = YES;
				CLANG_WARN_BOOL_CONVERSION = YES;
				CLANG_WARN_COMMA = YES;
				CLANG_WARN_CONSTANT_CONVERSION = YES;
				CLANG_WARN_DEPRECATED_OBJC_IMPLEMENTATIONS = YES;
				CLANG_WARN_DIRECT_OBJC_ISA_USAGE = YES_ERROR;
				CLANG_WARN_DOCUMENTATION_COMMENTS = YES;
				CLANG_WARN_EMPTY_BODY = YES;
				CLANG_WARN_ENUM_CONVERSION = YES;
				CLANG_WARN_INFINITE_RECURSION = YES;
				CLANG_WARN_INT_CONVERSION = YES;
				CLANG_WARN_NON_LITERAL_NULL_CONVERSION = YES;
				CLANG_WARN_OBJC_IMPLICIT_RETAIN_SELF = YES;
				CLANG_WARN_OBJC_LITERAL_CONVERSION = YES;
				CLANG_WARN_OBJC_ROOT_CLASS = YES_ERROR;
				CLANG_WARN_QUOTED_INCLUDE_IN_FRAMEWORK_HEADER = YES;
				CLANG_WARN_RANGE_LOOP_ANALYSIS = YES;
				CLANG_WARN_STRICT_PROTOTYPES = YES;
				CLANG_WARN_SUSPICIOUS_MOVE = YES;
				CLANG_WARN_UNGUARDED_AVAILABILITY = YES_AGGRESSIVE;
				CLANG_WARN_UNREACHABLE_CODE = YES;
				CLANG_WARN__DUPLICATE_METHOD_MATCH = YES;
				COPY_PHASE_STRIP = NO;
				CURRENT_PROJECT_VERSION = 9;
				DEBUG_INFORMATION_FORMAT = "dwarf-with-dsym";
				DEVELOPMENT_TEAM = 26MP7QQP95;
				ENABLE_NS_ASSERTIONS = NO;
				ENABLE_STRICT_OBJC_MSGSEND = YES;
				ENABLE_USER_SCRIPT_SANDBOXING = YES;
				GCC_C_LANGUAGE_STANDARD = gnu11;
				GCC_NO_COMMON_BLOCKS = YES;
				GCC_WARN_64_TO_32_BIT_CONVERSION = YES;
				GCC_WARN_ABOUT_RETURN_TYPE = YES_ERROR;
				GCC_WARN_UNDECLARED_SELECTOR = YES;
				GCC_WARN_UNINITIALIZED_AUTOS = YES_AGGRESSIVE;
				GCC_WARN_UNUSED_FUNCTION = YES;
				GCC_WARN_UNUSED_VARIABLE = YES;
				IPHONEOS_DEPLOYMENT_TARGET = 26.2;
				MARKETING_VERSION = 1.0;
				MTL_ENABLE_DEBUG_INFO = NO;
				MTL_FAST_MATH = YES;
				PRODUCT_NAME = Snapper;
				SDKROOT = iphoneos;
				STRING_CATALOG_GENERATE_SYMBOLS = YES;
				SWIFT_COMPILATION_MODE = wholemodule;
				SWIFT_OPTIMIZATION_LEVEL = "-O";
				SWIFT_VERSION = 6.0;
			};
			name = Release;
		};
		6E137B1328CC255A3F3262B6 /* Release */ = {
			isa = XCBuildConfiguration;
			buildSettings = {
				BUNDLE_LOADER = "$(TEST_HOST)";
				CODE_SIGN_STYLE = Automatic;
				GENERATE_INFOPLIST_FILE = YES;
				IPHONEOS_DEPLOYMENT_TARGET = 26.4;
				PRODUCT_BUNDLE_IDENTIFIER = ie.klatt.snapper.tests;
				PRODUCT_NAME = "$(TARGET_NAME)";
				TEST_HOST = "$(BUILT_PRODUCTS_DIR)/Snapper.app/$(BUNDLE_EXECUTABLE_FOLDER_PATH)/Snapper";
			};
			name = Release;
		};
		DAD8073F393695D2E137CEDC /* Release */ = {
			isa = XCBuildConfiguration;
			buildSettings = {
				ASSETCATALOG_COMPILER_APPICON_NAME = AppIcon;
				CODE_SIGN_ENTITLEMENTS = Snapper/Snapper.Release.entitlements;
				CODE_SIGN_IDENTITY = "iPhone Developer";
				CODE_SIGN_STYLE = Automatic;
				DEFINES_MODULE = YES;
				ENABLE_MODULE_VERIFIER = YES;
				INFOPLIST_FILE = Snapper/Info.plist;
				INFOPLIST_KEY_LSApplicationCategoryType = "public.app-category.finance";
				LD_RUNPATH_SEARCH_PATHS = (
					"$(inherited)",
					"@executable_path/Frameworks",
				);
				MODULE_VERIFIER_SUPPORTED_LANGUAGE_STANDARDS = "gnu11 gnu++14";
				PRODUCT_BUNDLE_IDENTIFIER = ie.klatt.snapper;
				SDKROOT = iphoneos;
				TARGETED_DEVICE_FAMILY = 1;
			};
			name = Release;
		};
/* End XCBuildConfiguration section */

/* Begin XCConfigurationList section */
		BB90EA452F52163343C4E98A /* Build configuration list for PBXNativeTarget "SnapperTests" */ = {
			isa = XCConfigurationList;
			buildConfigurations = (
				002E01F0D8D9D3FC0FE25882 /* Debug */,
				6E137B1328CC255A3F3262B6 /* Release */,
			);
			defaultConfigurationIsVisible = 0;
			defaultConfigurationName = Debug;
		};
		C2CB0B358D0349B72E0074FC /* Build configuration list for PBXProject "Snapper" */ = {
			isa = XCConfigurationList;
			buildConfigurations = (
				0C8943C82B171B3A0D6565AE /* Debug */,
				48A3DB5FBA866FC72C5A3C73 /* Release */,
			);
			defaultConfigurationIsVisible = 0;
			defaultConfigurationName = Debug;
		};
		EBA07DE2013CE259BD7200DE /* Build configuration list for PBXNativeTarget "Snapper" */ = {
			isa = XCConfigurationList;
			buildConfigurations = (
				33E5A729BF86CC95BF6780DC /* Debug */,
				DAD8073F393695D2E137CEDC /* Release */,
			);
			defaultConfigurationIsVisible = 0;
			defaultConfigurationName = Debug;
		};
/* End XCConfigurationList section */
	};
	rootObject = 9C21FDC6B12C83893AF3E756 /* Project object */;
}
